{
  "version": 4,
  "terraform_version": "1.14.3",
  "serial": 1,
  "lineage": "54e21ef2-01b5-38cd-ee3a-a9dda545e2eb",
  "outputs": {},
  "resources": [
    {
      "mode": "managed",
      "type": "azurerm_resource_group",
      "name": "this",
      "provider": "provider[\"registry.terraform.io/hashicorp/azurerm\"]",
      "instances": [
        {
          "schema_version": 0,
          "attributes": {
            "id": "/subscriptions/c69f3af7-a184-432d-bd8c-a6ce029e684b/resourceGroups/azure-observability-platform-lab-rg",
            "location": "eastus",
            "managed_by": "",
            "name": "azure-observability-platform-lab-rg",
            "tags": {
              "environment": "lab",
              "managed_by": "terraform",
              "project": "azure-observability-platform"
            },
            "timeouts": null
          },
          "sensitive_attributes": [],
          "identity_schema_version": 0,
          "private": "eyJlMmJmYjczMC1lY2FhLTExZTYtOGY4OC0zNDM2M2JjN2M0YzAiOnsiY3JlYXRlIjo1NDAwMDAwMDAwMDAwLCJkZWxldGUiOjU0MDAwMDAwMDAwMDAsInJlYWQiOjMwMDAwMDAwMDAwMCwidXBkYXRlIjo1NDAwMDAwMDAwMDAwfX0="
        }
      ]
    }
  ],
  "check_results": null
}
